
Microsoft Visual Studio Solution File, Format Version 12.00
# Visual Studio Version 16
VisualStudioVersion = 25.0.1703.0
MinimumVisualStudioVersion = 10.0.40219.1
Project("{FAE04EC0-301F-11D3-BF4B-00C04F79EFBC}") = "minialapi2", "minialapi2\minialapi2.csproj", "{B9E98A95-57B0-41EA-BFA0-76BE9D1DED0C}"
EndProject
Global
	GlobalSection(SolutionConfigurationPlatforms) = preSolution
		Debug|Any CPU = Debug|Any CPU
		Release|Any CPU = Release|Any CPU
	EndGlobalSection
	GlobalSection(ProjectConfigurationPlatforms) = postSolution
		{B9E98A95-57B0-41EA-BFA0-76BE9D1DED0C}.Debug|Any CPU.ActiveCfg = Debug|Any CPU
		{B9E98A95-57B0-41EA-BFA0-76BE9D1DED0C}.Debug|Any CPU.Build.0 = Debug|Any CPU
		{B9E98A95-57B0-41EA-BFA0-76BE9D1DED0C}.Release|Any CPU.ActiveCfg = Release|Any CPU
		{B9E98A95-57B0-41EA-BFA0-76BE9D1DED0C}.Release|Any CPU.Build.0 = Release|Any CPU
	EndGlobalSection
	GlobalSection(SolutionProperties) = preSolution
		HideSolutionNode = FALSE
	EndGlobalSection
	GlobalSection(ExtensibilityGlobals) = postSolution
		SolutionGuid = {6431F4AF-6D64-4895-9012-081D6C611FBD}
	EndGlobalSection
EndGlobal
